
Microsoft Visual Studio Solution File, Format Version 12.00
# Visual Studio 15
VisualStudioVersion = 15.0.27428.2037
MinimumVisualStudioVersion = 10.0.40219.1
Project("{9A19103F-16F7-4668-BE54-9A1E7A4F7556}") = "DemoProject.WebApi", "DemoProject.WebApi\DemoProject.WebApi.csproj", "{1D2D4076-6EFC-4CBD-819C-84CC2914AF47}"
EndProject
Project("{9A19103F-16F7-4668-BE54-9A1E7A4F7556}") = "DemoProject.Shared", "DemoProject.Shared\DemoProject.Shared.csproj", "{0729F617-3BEE-496D-A697-07D37D956997}"
EndProject
Project("{9A19103F-16F7-4668-BE54-9A1E7A4F7556}") = "DemoProject.BLL", "DemoProject.BLL\DemoProject.BLL.csproj", "{563A8EB5-139E-40BF-9D84-9EBD482F085F}"
EndProject
Project("{9A19103F-16F7-4668-BE54-9A1E7A4F7556}") = "DemoProject.DAL", "DemoProject.DAL\DemoProject.DAL.csproj", "{8972CEDE-EA74-4CD6-BA37-6DB77B687D82}"
EndProject
Project("{9A19103F-16F7-4668-BE54-9A1E7A4F7556}") = "DemoProject.AzureFunctions", "DemoProject.AzureFunctions\DemoProject.AzureFunctions.csproj", "{61EC57D3-71D2-44E3-B8DB-CE560F6E1C56}"
EndProject
Project("{FAE04EC0-301F-11D3-BF4B-00C04F79EFBC}") = "DemoProject.UnitTest", "DemoProject.UnitTest\DemoProject.UnitTest.csproj", "{83919BB0-F15E-459E-9673-E6E5367A2F47}"
EndProject
Global
	GlobalSection(SolutionConfigurationPlatforms) = preSolution
		Debug|Any CPU = Debug|Any CPU
		Release|Any CPU = Release|Any CPU
	EndGlobalSection
	GlobalSection(ProjectConfigurationPlatforms) = postSolution
		{1D2D4076-6EFC-4CBD-819C-84CC2914AF47}.Debug|Any CPU.ActiveCfg = Debug|Any CPU
		{1D2D4076-6EFC-4CBD-819C-84CC2914AF47}.Debug|Any CPU.Build.0 = Debug|Any CPU
		{1D2D4076-6EFC-4CBD-819C-84CC2914AF47}.Release|Any CPU.ActiveCfg = Release|Any CPU
		{1D2D4076-6EFC-4CBD-819C-84CC2914AF47}.Release|Any CPU.Build.0 = Release|Any CPU
		{0729F617-3BEE-496D-A697-07D37D956997}.Debug|Any CPU.ActiveCfg = Debug|Any CPU
		{0729F617-3BEE-496D-A697-07D37D956997}.Debug|Any CPU.Build.0 = Debug|Any CPU
		{0729F617-3BEE-496D-A697-07D37D956997}.Release|Any CPU.ActiveCfg = Release|Any CPU
		{0729F617-3BEE-496D-A697-07D37D956997}.Release|Any CPU.Build.0 = Release|Any CPU
		{563A8EB5-139E-40BF-9D84-9EBD482F085F}.Debug|Any CPU.ActiveCfg = Debug|Any CPU
		{563A8EB5-139E-40BF-9D84-9EBD482F085F}.Debug|Any CPU.Build.0 = Debug|Any CPU
		{563A8EB5-139E-40BF-9D84-9EBD482F085F}.Release|Any CPU.ActiveCfg = Release|Any CPU
		{563A8EB5-139E-40BF-9D84-9EBD482F085F}.Release|Any CPU.Build.0 = Release|Any CPU
		{8972CEDE-EA74-4CD6-BA37-6DB77B687D82}.Debug|Any CPU.ActiveCfg = Debug|Any CPU
		{8972CEDE-EA74-4CD6-BA37-6DB77B687D82}.Debug|Any CPU.Build.0 = Debug|Any CPU
		{8972CEDE-EA74-4CD6-BA37-6DB77B687D82}.Release|Any CPU.ActiveCfg = Release|Any CPU
		{8972CEDE-EA74-4CD6-BA37-6DB77B687D82}.Release|Any CPU.Build.0 = Release|Any CPU
		{61EC57D3-71D2-44E3-B8DB-CE560F6E1C56}.Debug|Any CPU.ActiveCfg = Debug|Any CPU
		{61EC57D3-71D2-44E3-B8DB-CE560F6E1C56}.Debug|Any CPU.Build.0 = Debug|Any CPU
		{61EC57D3-71D2-44E3-B8DB-CE560F6E1C56}.Release|Any CPU.ActiveCfg = Release|Any CPU
		{61EC57D3-71D2-44E3-B8DB-CE560F6E1C56}.Release|Any CPU.Build.0 = Release|Any CPU
		{83919BB0-F15E-459E-9673-E6E5367A2F47}.Debug|Any CPU.ActiveCfg = Debug|Any CPU
		{83919BB0-F15E-459E-9673-E6E5367A2F47}.Debug|Any CPU.Build.0 = Debug|Any CPU
		{83919BB0-F15E-459E-9673-E6E5367A2F47}.Release|Any CPU.ActiveCfg = Release|Any CPU
		{83919BB0-F15E-459E-9673-E6E5367A2F47}.Release|Any CPU.Build.0 = Release|Any CPU
	EndGlobalSection
	GlobalSection(SolutionProperties) = preSolution
		HideSolutionNode = FALSE
	EndGlobalSection
	GlobalSection(ExtensibilityGlobals) = postSolution
		SolutionGuid = {F9316DF5-F615-448C-8C45-938906488669}
	EndGlobalSection
EndGlobal
