
Microsoft Visual Studio Solution File, Format Version 12.00
# Visual Studio 15
VisualStudioVersion = 15.0.27428.2037
MinimumVisualStudioVersion = 10.0.40219.1
Project("{9A19103F-16F7-4668-BE54-9A1E7A4F7556}") = "DemoProject.WebApi", "DemoProject.WebApi\DemoProject.WebApi.csproj", "{1D2D4076-6EFC-4CBD-819C-84CC2914AF47}"
EndProject
Project("{9A19103F-16F7-4668-BE54-9A1E7A4F7556}") = "DemoProject.DLL", "DemoProject.DLL\DemoProject.DLL.csproj", "{4B9C7588-4F6A-48EC-AD9D-7C2EE6BF17D9}"
EndProject
Project("{9A19103F-16F7-4668-BE54-9A1E7A4F7556}") = "DemoProject.CLI", "DemoProject.CLI\DemoProject.CLI.csproj", "{BE581D93-C423-491A-A9F7-9927A423592E}"
EndProject
Project("{E24C65DC-7377-472B-9ABA-BC803B73C61A}") = "DemoProject.Web", "DemoProject.Web\", "{A0E70736-5FCC-4218-A56B-90C0A99FBA1C}"
	ProjectSection(WebsiteProperties) = preProject
		TargetFrameworkMoniker = ".NETFramework,Version%3Dv4.0"
		Debug.AspNetCompiler.VirtualPath = "/localhost_42365"
		Debug.AspNetCompiler.PhysicalPath = "DemoProject.Web\"
		Debug.AspNetCompiler.TargetPath = "PrecompiledWeb\localhost_42365\"
		Debug.AspNetCompiler.Updateable = "true"
		Debug.AspNetCompiler.ForceOverwrite = "true"
		Debug.AspNetCompiler.FixedNames = "false"
		Debug.AspNetCompiler.Debug = "True"
		Release.AspNetCompiler.VirtualPath = "/localhost_42365"
		Release.AspNetCompiler.PhysicalPath = "DemoProject.Web\"
		Release.AspNetCompiler.TargetPath = "PrecompiledWeb\localhost_42365\"
		Release.AspNetCompiler.Updateable = "true"
		Release.AspNetCompiler.ForceOverwrite = "true"
		Release.AspNetCompiler.FixedNames = "false"
		Release.AspNetCompiler.Debug = "False"
		VWDPort = "42365"
	EndProjectSection
EndProject
Global
	GlobalSection(SolutionConfigurationPlatforms) = preSolution
		Debug|Any CPU = Debug|Any CPU
		Release|Any CPU = Release|Any CPU
	EndGlobalSection
	GlobalSection(ProjectConfigurationPlatforms) = postSolution
		{1D2D4076-6EFC-4CBD-819C-84CC2914AF47}.Debug|Any CPU.ActiveCfg = Debug|Any CPU
		{1D2D4076-6EFC-4CBD-819C-84CC2914AF47}.Debug|Any CPU.Build.0 = Debug|Any CPU
		{1D2D4076-6EFC-4CBD-819C-84CC2914AF47}.Release|Any CPU.ActiveCfg = Release|Any CPU
		{1D2D4076-6EFC-4CBD-819C-84CC2914AF47}.Release|Any CPU.Build.0 = Release|Any CPU
		{4B9C7588-4F6A-48EC-AD9D-7C2EE6BF17D9}.Debug|Any CPU.ActiveCfg = Debug|Any CPU
		{4B9C7588-4F6A-48EC-AD9D-7C2EE6BF17D9}.Debug|Any CPU.Build.0 = Debug|Any CPU
		{4B9C7588-4F6A-48EC-AD9D-7C2EE6BF17D9}.Release|Any CPU.ActiveCfg = Release|Any CPU
		{4B9C7588-4F6A-48EC-AD9D-7C2EE6BF17D9}.Release|Any CPU.Build.0 = Release|Any CPU
		{BE581D93-C423-491A-A9F7-9927A423592E}.Debug|Any CPU.ActiveCfg = Debug|Any CPU
		{BE581D93-C423-491A-A9F7-9927A423592E}.Debug|Any CPU.Build.0 = Debug|Any CPU
		{BE581D93-C423-491A-A9F7-9927A423592E}.Release|Any CPU.ActiveCfg = Release|Any CPU
		{BE581D93-C423-491A-A9F7-9927A423592E}.Release|Any CPU.Build.0 = Release|Any CPU
		{A0E70736-5FCC-4218-A56B-90C0A99FBA1C}.Debug|Any CPU.ActiveCfg = Debug|Any CPU
		{A0E70736-5FCC-4218-A56B-90C0A99FBA1C}.Debug|Any CPU.Build.0 = Debug|Any CPU
		{A0E70736-5FCC-4218-A56B-90C0A99FBA1C}.Release|Any CPU.ActiveCfg = Debug|Any CPU
		{A0E70736-5FCC-4218-A56B-90C0A99FBA1C}.Release|Any CPU.Build.0 = Debug|Any CPU
	EndGlobalSection
	GlobalSection(SolutionProperties) = preSolution
		HideSolutionNode = FALSE
	EndGlobalSection
	GlobalSection(ExtensibilityGlobals) = postSolution
		SolutionGuid = {F9316DF5-F615-448C-8C45-938906488669}
	EndGlobalSection
EndGlobal
